
Microsoft Visual Studio Solution File, Format Version 12.00
# Visual Studio Version 16
VisualStudioVersion = 16.0.31702.278
MinimumVisualStudioVersion = 10.0.40219.1
Project("{FAE04EC0-301F-11D3-BF4B-00C04F79EFBC}") = "CarModels", "CarModels\CarModels.csproj", "{7E69ED35-1E0C-4529-A336-85507361164D}"
EndProject
Global
	GlobalSection(SolutionConfigurationPlatforms) = preSolution
		Debug|Any CPU = Debug|Any CPU
		Release|Any CPU = Release|Any CPU
	EndGlobalSection
	GlobalSection(ProjectConfigurationPlatforms) = postSolution
		{7E69ED35-1E0C-4529-A336-85507361164D}.Debug|Any CPU.ActiveCfg = Debug|Any CPU
		{7E69ED35-1E0C-4529-A336-85507361164D}.Debug|Any CPU.Build.0 = Debug|Any CPU
		{7E69ED35-1E0C-4529-A336-85507361164D}.Release|Any CPU.ActiveCfg = Release|Any CPU
		{7E69ED35-1E0C-4529-A336-85507361164D}.Release|Any CPU.Build.0 = Release|Any CPU
	EndGlobalSection
	GlobalSection(SolutionProperties) = preSolution
		HideSolutionNode = FALSE
	EndGlobalSection
	GlobalSection(ExtensibilityGlobals) = postSolution
		SolutionGuid = {DA64E87B-85B3-4C65-BF0B-3EA060BEFE27}
	EndGlobalSection
EndGlobal
